
Microsoft Visual Studio Solution File, Format Version 12.00
# Visual Studio Version 17
VisualStudioVersion = 17.3.32901.215
MinimumVisualStudioVersion = 10.0.40219.1
Project("{FAE04EC0-301F-11D3-BF4B-00C04F79EFBC}") = "find-adress-by-Cep", "find-adress-by-Cep\find-adress-by-Cep.csproj", "{A74353A1-4AC2-4296-A8F5-33B6683D4BBE}"
EndProject
Global
	GlobalSection(SolutionConfigurationPlatforms) = preSolution
		Debug|Any CPU = Debug|Any CPU
		Release|Any CPU = Release|Any CPU
	EndGlobalSection
	GlobalSection(ProjectConfigurationPlatforms) = postSolution
		{A74353A1-4AC2-4296-A8F5-33B6683D4BBE}.Debug|Any CPU.ActiveCfg = Debug|Any CPU
		{A74353A1-4AC2-4296-A8F5-33B6683D4BBE}.Debug|Any CPU.Build.0 = Debug|Any CPU
		{A74353A1-4AC2-4296-A8F5-33B6683D4BBE}.Release|Any CPU.ActiveCfg = Release|Any CPU
		{A74353A1-4AC2-4296-A8F5-33B6683D4BBE}.Release|Any CPU.Build.0 = Release|Any CPU
	EndGlobalSection
	GlobalSection(SolutionProperties) = preSolution
		HideSolutionNode = FALSE
	EndGlobalSection
	GlobalSection(ExtensibilityGlobals) = postSolution
		SolutionGuid = {3C15574D-396F-41BA-80EC-3C36860187D2}
	EndGlobalSection
EndGlobal
